
Microsoft Visual Studio Solution File, Format Version 12.00
# Visual Studio Version 17
VisualStudioVersion = 17.4.33110.190
MinimumVisualStudioVersion = 10.0.40219.1
Project("{FAE04EC0-301F-11D3-BF4B-00C04F79EFBC}") = "kprwebapp", "kprwebapp\kprwebapp.csproj", "{F4466B91-51BE-42A3-A17A-6B79D1B5626D}"
EndProject
Global
	GlobalSection(SolutionConfigurationPlatforms) = preSolution
		Debug|Any CPU = Debug|Any CPU
		Release|Any CPU = Release|Any CPU
	EndGlobalSection
	GlobalSection(ProjectConfigurationPlatforms) = postSolution
		{F4466B91-51BE-42A3-A17A-6B79D1B5626D}.Debug|Any CPU.ActiveCfg = Debug|Any CPU
		{F4466B91-51BE-42A3-A17A-6B79D1B5626D}.Debug|Any CPU.Build.0 = Debug|Any CPU
		{F4466B91-51BE-42A3-A17A-6B79D1B5626D}.Release|Any CPU.ActiveCfg = Release|Any CPU
		{F4466B91-51BE-42A3-A17A-6B79D1B5626D}.Release|Any CPU.Build.0 = Release|Any CPU
	EndGlobalSection
	GlobalSection(SolutionProperties) = preSolution
		HideSolutionNode = FALSE
	EndGlobalSection
	GlobalSection(ExtensibilityGlobals) = postSolution
		SolutionGuid = {E587EFEA-D2C5-4F10-85D7-58E1C7C8000C}
	EndGlobalSection
EndGlobal
